
Microsoft Visual Studio Solution File, Format Version 12.00
# Visual Studio Version 16
VisualStudioVersion = 16.0.31313.79
MinimumVisualStudioVersion = 10.0.40219.1
Project("{FAE04EC0-301F-11D3-BF4B-00C04F79EFBC}") = "TestOrderProcessService", "TestOrderProcessing\TestOrderProcessService.csproj", "{E77A3A51-F6E1-434E-8153-0B303552F3FF}"
EndProject
Project("{FAE04EC0-301F-11D3-BF4B-00C04F79EFBC}") = "OrderProcessService", "OrderProcess\OrderProcessService.csproj", "{CE357599-0D8A-45FE-840C-38338E48BEB0}"
EndProject
Global
	GlobalSection(SolutionConfigurationPlatforms) = preSolution
		Debug|Any CPU = Debug|Any CPU
		Release|Any CPU = Release|Any CPU
	EndGlobalSection
	GlobalSection(ProjectConfigurationPlatforms) = postSolution
		{E77A3A51-F6E1-434E-8153-0B303552F3FF}.Debug|Any CPU.ActiveCfg = Debug|Any CPU
		{E77A3A51-F6E1-434E-8153-0B303552F3FF}.Debug|Any CPU.Build.0 = Debug|Any CPU
		{E77A3A51-F6E1-434E-8153-0B303552F3FF}.Release|Any CPU.ActiveCfg = Release|Any CPU
		{E77A3A51-F6E1-434E-8153-0B303552F3FF}.Release|Any CPU.Build.0 = Release|Any CPU
		{CE357599-0D8A-45FE-840C-38338E48BEB0}.Debug|Any CPU.ActiveCfg = Debug|Any CPU
		{CE357599-0D8A-45FE-840C-38338E48BEB0}.Debug|Any CPU.Build.0 = Debug|Any CPU
		{CE357599-0D8A-45FE-840C-38338E48BEB0}.Release|Any CPU.ActiveCfg = Release|Any CPU
		{CE357599-0D8A-45FE-840C-38338E48BEB0}.Release|Any CPU.Build.0 = Release|Any CPU
	EndGlobalSection
	GlobalSection(SolutionProperties) = preSolution
		HideSolutionNode = FALSE
	EndGlobalSection
	GlobalSection(ExtensibilityGlobals) = postSolution
		SolutionGuid = {0D98AAB9-4177-4A0F-B1D9-3038A69824C7}
	EndGlobalSection
EndGlobal
